// !$*UTF8*$!
{
	archiveVersion = 1;
	classes = {
	};
	objectVersion = 50;
	objects = {

/* Begin PBXBuildFile section */
		D241B576222252DF00E7D356 /* AppDelegate.swift in Sources */ = {isa = PBXBuildFile; fileRef = D241B575222252DF00E7D356 /* AppDelegate.swift */; };
		D241B578222252DF00E7D356 /* ViewController.swift in Sources */ = {isa = PBXBuildFile; fileRef = D241B577222252DF00E7D356 /* ViewController.swift */; };
		D241B57B222252DF00E7D356 /* Main.storyboard in Resources */ = {isa = PBXBuildFile; fileRef = D241B579222252DF00E7D356 /* Main.storyboard */; };
		D241B57D222252E000E7D356 /* Assets.xcassets in Resources */ = {isa = PBXBuildFile; fileRef = D241B57C222252E000E7D356 /* Assets.xcassets */; };
		D241B580222252E000E7D356 /* LaunchScreen.storyboard in Resources */ = {isa = PBXBuildFile; fileRef = D241B57E222252E000E7D356 /* LaunchScreen.storyboard */; };
		D241B58A2222602900E7D356 /* PrivateTransitionContext.swift in Sources */ = {isa = PBXBuildFile; fileRef = D241B5892222602900E7D356 /* PrivateTransitionContext.swift */; };
		D241B58C22226C5B00E7D356 /* PrivateAnimatedTransition.swift in Sources */ = {isa = PBXBuildFile; fileRef = D241B58B22226C5B00E7D356 /* PrivateAnimatedTransition.swift */; };
/* End PBXBuildFile section */

/* Begin PBXFileReference section */
		D241B572222252DF00E7D356 /* PrivateContext.app */ = {isa = PBXFileReference; explicitFileType = wrapper.application; includeInIndex = 0; path = PrivateContext.app; sourceTree = BUILT_PRODUCTS_DIR; };
		D241B575222252DF00E7D356 /* AppDelegate.swift */ = {isa = PBXFileReference; lastKnownFileType = sourcecode.swift; path = AppDelegate.swift; sourceTree = "<group>"; };
		D241B577222252DF00E7D356 /* ViewController.swift */ = {isa = PBXFileReference; lastKnownFileType = sourcecode.swift; path = ViewController.swift; sourceTree = "<group>"; };
		D241B57A222252DF00E7D356 /* Base */ = {isa = PBXFileReference; lastKnownFileType = file.storyboard; name = Base; path = Base.lproj/Main.storyboard; sourceTree = "<group>"; };
		D241B57C222252E000E7D356 /* Assets.xcassets */ = {isa = PBXFileReference; lastKnownFileType = folder.assetcatalog; path = Assets.xcassets; sourceTree = "<group>"; };
		D241B57F222252E000E7D356 /* Base */ = {isa = PBXFileReference; lastKnownFileType = file.storyboard; name = Base; path = Base.lproj/LaunchScreen.storyboard; sourceTree = "<group>"; };
		D241B581222252E000E7D356 /* Info.plist */ = {isa = PBXFileReference; lastKnownFileType = text.plist.xml; path = Info.plist; sourceTree = "<group>"; };
		D241B5892222602900E7D356 /* PrivateTransitionContext.swift */ = {isa = PBXFileReference; lastKnownFileType = sourcecode.swift; path = PrivateTransitionContext.swift; sourceTree = "<group>"; };
		D241B58B22226C5B00E7D356 /* PrivateAnimatedTransition.swift */ = {isa = PBXFileReference; lastKnownFileType = sourcecode.swift; path = PrivateAnimatedTransition.swift; sourceTree = "<group>"; };
/* End PBXFileReference section */

/* Begin PBXFrameworksBuildPhase section */
		D241B56F222252DF00E7D356 /* Frameworks */ = {
			isa = PBXFrameworksBuildPhase;
			buildActionMask = 2147483647;
			files = (
			);
			runOnlyForDeploymentPostprocessing = 0;
		};
/* End PBXFrameworksBuildPhase section */

/* Begin PBXGroup section */
		D241B569222252DF00E7D356 = {
			isa = PBXGroup;
			children = (
				D241B574222252DF00E7D356 /* PrivateContext */,
				D241B573222252DF00E7D356 /* Products */,
			);
			sourceTree = "<group>";
		};
		D241B573222252DF00E7D356 /* Products */ = {
			isa = PBXGroup;
			children = (
				D241B572222252DF00E7D356 /* PrivateContext.app */,
			);
			name = Products;
			sourceTree = "<group>";
		};
		D241B574222252DF00E7D356 /* PrivateContext */ = {
			isa = PBXGroup;
			children = (
				D241B575222252DF00E7D356 /* AppDelegate.swift */,
				D241B5892222602900E7D356 /* PrivateTransitionContext.swift */,
				D241B58B22226C5B00E7D356 /* PrivateAnimatedTransition.swift */,
				D241B577222252DF00E7D356 /* ViewController.swift */,
				D241B579222252DF00E7D356 /* Main.storyboard */,
				D241B57C222252E000E7D356 /* Assets.xcassets */,
				D241B57E222252E000E7D356 /* LaunchScreen.storyboard */,
				D241B581222252E000E7D356 /* Info.plist */,
			);
			path = PrivateContext;
			sourceTree = "<group>";
		};
/* End PBXGroup section */

/* Begin PBXNativeTarget section */
		D241B571222252DF00E7D356 /* PrivateContext */ = {
			isa = PBXNativeTarget;
			buildConfigurationList = D241B584222252E000E7D356 /* Build configuration list for PBXNativeTarget "PrivateContext" */;
			buildPhases = (
				D241B56E222252DF00E7D356 /* Sources */,
				D241B56F222252DF00E7D356 /* Frameworks */,
				D241B570222252DF00E7D356 /* Resources */,
			);
			buildRules = (
			);
			dependencies = (
			);
			name = PrivateContext;
			productName = PrivateContext;
			productReference = D241B572222252DF00E7D356 /* PrivateContext.app */;
			productType = "com.apple.product-type.application";
		};
/* End PBXNativeTarget section */

/* Begin PBXProject section */
		D241B56A222252DF00E7D356 /* Project object */ = {
			isa = PBXProject;
			attributes = {
				LastSwiftUpdateCheck = 1010;
				LastUpgradeCheck = 1010;
				ORGANIZATIONNAME = "Neil Jain";
				TargetAttributes = {
					D241B571222252DF00E7D356 = {
						CreatedOnToolsVersion = 10.1;
					};
				};
			};
			buildConfigurationList = D241B56D222252DF00E7D356 /* Build configuration list for PBXProject "PrivateContext" */;
			compatibilityVersion = "Xcode 9.3";
			developmentRegion = en;
			hasScannedForEncodings = 0;
			knownRegions = (
				en,
				Base,
			);
			mainGroup = D241B569222252DF00E7D356;
			productRefGroup = D241B573222252DF00E7D356 /* Products */;
			projectDirPath = "";
			projectRoot = "";
			targets = (
				D241B571222252DF00E7D356 /* PrivateContext */,
			);
		};
/* End PBXProject section */

/* Begin PBXResourcesBuildPhase section */
		D241B570222252DF00E7D356 /* Resources */ = {
			isa = PBXResourcesBuildPhase;
			buildActionMask = 2147483647;
			files = (
				D241B580222252E000E7D356 /* LaunchScreen.storyboard in Resources */,
				D241B57D222252E000E7D356 /* Assets.xcassets in Resources */,
				D241B57B222252DF00E7D356 /* Main.storyboard in Resources */,
			);
			runOnlyForDeploymentPostprocessing = 0;
		};
/* End PBXResourcesBuildPhase section */

/* Begin PBXSourcesBuildPhase section */
		D241B56E222252DF00E7D356 /* Sources */ = {
			isa = PBXSourcesBuildPhase;
			buildActionMask = 2147483647;
			files = (
				D241B58A2222602900E7D356 /* PrivateTransitionContext.swift in Sources */,
				D241B578222252DF00E7D356 /* ViewController.swift in Sources */,
				D241B576222252DF00E7D356 /* AppDelegate.swift in Sources */,
				D241B58C22226C5B00E7D356 /* PrivateAnimatedTransition.swift in Sources */,
			);
			runOnlyForDeploymentPostprocessing = 0;
		};
/* End PBXSourcesBuildPhase section */

/* Begin PBXVariantGroup section */
		D241B579222252DF00E7D356 /* Main.storyboard */ = {
			isa = PBXVariantGroup;
			children = (
				D241B57A222252DF00E7D356 /* Base */,
			);
			name = Main.storyboard;
			sourceTree = "<group>";
		};
		D241B57E222252E000E7D356 /* LaunchScreen.storyboard */ = {
			isa = PBXVariantGroup;
			children = (
				D241B57F222252E000E7D356 /* Base */,
			);
			name = LaunchScreen.storyboard;
			sourceTree = "<group>";
		};
/* End PBXVariantGroup section */

/* Begin XCBuildConfiguration section */
		D241B582222252E000E7D356 /* Debug */ = {
			isa = XCBuildConfiguration;
			buildSettings = {
				ALWAYS_SEARCH_USER_PATHS = NO;
				CLANG_ANALYZER_NONNULL = YES;
				CLANG_ANALYZER_NUMBER_OBJECT_CONVERSION = YES_AGGRESSIVE;
				CLANG_CXX_LANGUAGE_STANDARD = "gnu++14";
				CLANG_CXX_LIBRARY = "libc++";
				CLANG_ENABLE_MODULES = YES;
				CLANG_ENABLE_OBJC_ARC = YES;
				CLANG_ENABLE_OBJC_WEAK = YES;
				CLANG_WARN_BLOCK_CAPTURE_AUTORELEASING = YES;
				CLANG_WARN_BOOL_CONVERSION = YES;
				CLANG_WARN_COMMA = YES;
				CLANG_WARN_CONSTANT_CONVERSION = YES;
				CLANG_WARN_DEPRECATED_OBJC_IMPLEMENTATIONS = YES;
				CLANG_WARN_DIRECT_OBJC_ISA_USAGE = YES_ERROR;
				CLANG_WARN_DOCUMENTATION_COMMENTS = YES;
				CLANG_WARN_EMPTY_BODY = YES;
				CLANG_WARN_ENUM_CONVERSION = YES;
				CLANG_WARN_INFINITE_RECURSION = YES;
				CLANG_WARN_INT_CONVERSION = YES;
				CLANG_WARN_NON_LITERAL_NULL_CONVERSION = YES;
				CLANG_WARN_OBJC_IMPLICIT_RETAIN_SELF = YES;
				CLANG_WARN_OBJC_LITERAL_CONVERSION = YES;
				CLANG_WARN_OBJC_ROOT_CLASS = YES_ERROR;
				CLANG_WARN_RANGE_LOOP_ANALYSIS = YES;
				CLANG_WARN_STRICT_PROTOTYPES = YES;
				CLANG_WARN_SUSPICIOUS_MOVE = YES;
				CLANG_WARN_UNGUARDED_AVAILABILITY = YES_AGGRESSIVE;
				CLANG_WARN_UNREACHABLE_CODE = YES;
				CLANG_WARN__DUPLICATE_METHOD_MATCH = YES;
				CODE_SIGN_IDENTITY = "iPhone Developer";
				COPY_PHASE_STRIP = NO;
				DEBUG_INFORMATION_FORMAT = dwarf;
				ENABLE_STRICT_OBJC_MSGSEND = YES;
				ENABLE_TESTABILITY = YES;
				GCC_C_LANGUAGE_STANDARD = gnu11;
				GCC_DYNAMIC_NO_PIC = NO;
				GCC_NO_COMMON_BLOCKS = YES;
				GCC_OPTIMIZATION_LEVEL = 0;
				GCC_PREPROCESSOR_DEFINITIONS = (
					"DEBUG=1",
					"$(inherited)",
				);
				GCC_WARN_64_TO_32_BIT_CONVERSION = YES;
				GCC_WARN_ABOUT_RETURN_TYPE = YES_ERROR;
				GCC_WARN_UNDECLARED_SELECTOR = YES;
				GCC_WARN_UNINITIALIZED_AUTOS = YES_AGGRESSIVE;
				GCC_WARN_UNUSED_FUNCTION = YES;
				GCC_WARN_UNUSED_VARIABLE = YES;
				IPHONEOS_DEPLOYMENT_TARGET = 12.1;
				MTL_ENABLE_DEBUG_INFO = INCLUDE_SOURCE;
				MTL_FAST_MATH = YES;
				ONLY_ACTIVE_ARCH = YES;
				SDKROOT = iphoneos;
				SWIFT_ACTIVE_COMPILATION_CONDITIONS = DEBUG;
				SWIFT_OPTIMIZATION_LEVEL = "-Onone";
			};
			name = Debug;
		};
		D241B583222252E000E7D356 /* Release */ = {
			isa = XCBuildConfiguration;
			buildSettings = {
				ALWAYS_SEARCH_USER_PATHS = NO;
				CLANG_ANALYZER_NONNULL = YES;
				CLANG_ANALYZER_NUMBER_OBJECT_CONVERSION = YES_AGGRESSIVE;
				CLANG_CXX_LANGUAGE_STANDARD = "gnu++14";
				CLANG_CXX_LIBRARY = "libc++";
				CLANG_ENABLE_MODULES = YES;
				CLANG_ENABLE_OBJC_ARC = YES;
				CLANG_ENABLE_OBJC_WEAK = YES;
				CLANG_WARN_BLOCK_CAPTURE_AUTORELEASING = YES;
				CLANG_WARN_BOOL_CONVERSION = YES;
				CLANG_WARN_COMMA = YES;
				CLANG_WARN_CONSTANT_CONVERSION = YES;
				CLANG_WARN_DEPRECATED_OBJC_IMPLEMENTATIONS = YES;
				CLANG_WARN_DIRECT_OBJC_ISA_USAGE = YES_ERROR;
				CLANG_WARN_DOCUMENTATION_COMMENTS = YES;
				CLANG_WARN_EMPTY_BODY = YES;
				CLANG_WARN_ENUM_CONVERSION = YES;
				CLANG_WARN_INFINITE_RECURSION = YES;
				CLANG_WARN_INT_CONVERSION = YES;
				CLANG_WARN_NON_LITERAL_NULL_CONVERSION = YES;
				CLANG_WARN_OBJC_IMPLICIT_RETAIN_SELF = YES;
				CLANG_WARN_OBJC_LITERAL_CONVERSION = YES;
				CLANG_WARN_OBJC_ROOT_CLASS = YES_ERROR;
				CLANG_WARN_RANGE_LOOP_ANALYSIS = YES;
				CLANG_WARN_STRICT_PROTOTYPES = YES;
				CLANG_WARN_SUSPICIOUS_MOVE = YES;
				CLANG_WARN_UNGUARDED_AVAILABILITY = YES_AGGRESSIVE;
				CLANG_WARN_UNREACHABLE_CODE = YES;
				CLANG_WARN__DUPLICATE_METHOD_MATCH = YES;
				CODE_SIGN_IDENTITY = "iPhone Developer";
				COPY_PHASE_STRIP = NO;
				DEBUG_INFORMATION_FORMAT = "dwarf-with-dsym";
				ENABLE_NS_ASSERTIONS = NO;
				ENABLE_STRICT_OBJC_MSGSEND = YES;
				GCC_C_LANGUAGE_STANDARD = gnu11;
				GCC_NO_COMMON_BLOCKS = YES;
				GCC_WARN_64_TO_32_BIT_CONVERSION = YES;
				GCC_WARN_ABOUT_RETURN_TYPE = YES_ERROR;
				GCC_WARN_UNDECLARED_SELECTOR = YES;
				GCC_WARN_UNINITIALIZED_AUTOS = YES_AGGRESSIVE;
				GCC_WARN_UNUSED_FUNCTION = YES;
				GCC_WARN_UNUSED_VARIABLE = YES;
				IPHONEOS_DEPLOYMENT_TARGET = 12.1;
				MTL_ENABLE_DEBUG_INFO = NO;
				MTL_FAST_MATH = YES;
				SDKROOT = iphoneos;
				SWIFT_COMPILATION_MODE = wholemodule;
				SWIFT_OPTIMIZATION_LEVEL = "-O";
				VALIDATE_PRODUCT = YES;
			};
			name = Release;
		};
		D241B585222252E000E7D356 /* Debug */ = {
			isa = XCBuildConfiguration;
			buildSettings = {
				ASSETCATALOG_COMPILER_APPICON_NAME = AppIcon;
				CODE_SIGN_STYLE = Automatic;
				DEVELOPMENT_TEAM = MFK34378Q2;
				INFOPLIST_FILE = PrivateContext/Info.plist;
				LD_RUNPATH_SEARCH_PATHS = (
					"$(inherited)",
					"@executable_path/Frameworks",
				);
				PRODUCT_BUNDLE_IDENTIFIER = com.neilsultimatelab.PrivateContext;
				PRODUCT_NAME = "$(TARGET_NAME)";
				SWIFT_VERSION = 4.2;
				TARGETED_DEVICE_FAMILY = "1,2";
			};
			name = Debug;
		};
		D241B586222252E000E7D356 /* Release */ = {
			isa = XCBuildConfiguration;
			buildSettings = {
				ASSETCATALOG_COMPILER_APPICON_NAME = AppIcon;
				CODE_SIGN_STYLE = Automatic;
				DEVELOPMENT_TEAM = MFK34378Q2;
				INFOPLIST_FILE = PrivateContext/Info.plist;
				LD_RUNPATH_SEARCH_PATHS = (
					"$(inherited)",
					"@executable_path/Frameworks",
				);
				PRODUCT_BUNDLE_IDENTIFIER = com.neilsultimatelab.PrivateContext;
				PRODUCT_NAME = "$(TARGET_NAME)";
				SWIFT_VERSION = 4.2;
				TARGETED_DEVICE_FAMILY = "1,2";
			};
			name = Release;
		};
/* End XCBuildConfiguration section */

/* Begin XCConfigurationList section */
		D241B56D222252DF00E7D356 /* Build configuration list for PBXProject "PrivateContext" */ = {
			isa = XCConfigurationList;
			buildConfigurations = (
				D241B582222252E000E7D356 /* Debug */,
				D241B583222252E000E7D356 /* Release */,
			);
			defaultConfigurationIsVisible = 0;
			defaultConfigurationName = Release;
		};
		D241B584222252E000E7D356 /* Build configuration list for PBXNativeTarget "PrivateContext" */ = {
			isa = XCConfigurationList;
			buildConfigurations = (
				D241B585222252E000E7D356 /* Debug */,
				D241B586222252E000E7D356 /* Release */,
			);
			defaultConfigurationIsVisible = 0;
			defaultConfigurationName = Release;
		};
/* End XCConfigurationList section */
	};
	rootObject = D241B56A222252DF00E7D356 /* Project object */;
}
